{
  "name": "asdf-lambdas",
  "version": "0.0.1",
  "lockfileVersion": 1,
  "requires": true,
  "dependencies": {
    "@types/node": {
      "version": "14.0.11",
      "resolved": "https://registry.npmjs.org/@types/node/-/node-14.0.11.tgz",
      "integrity": "sha512-lCvvI24L21ZVeIiyIUHZ5Oflv1hhHQ5E1S25IRlKIXaRkVgmXpJMI3wUJkmym2bTbCe+WoIibQnMVAU3FguaOg=="
    },
    "@vercel/node": {
      "version": "1.6.1",
      "resolved": "https://registry.npmjs.org/@vercel/node/-/node-1.6.1.tgz",
      "integrity": "sha512-sCxhMtShD2kCcpznmYO5HaCG3LaqaJVm0xZiJq8BuGIuSNWgS/aXi5IESFa01whsafaS7WhdMTlAwNPPOvH5lg==",
      "requires": {
        "@types/node": "*"
      }
    },
    "vercel": {
      "version": "19.0.1",
      "resolved": "https://registry.npmjs.org/vercel/-/vercel-19.0.1.tgz",
      "integrity": "sha512-T8Qm9+3h/R89i6gUY1swGdfTMEV1I6KREEti3753i1x3ITYTh8NRpOP04ixP3/klELH1LXnfm44D/0sd9z/WXg=="
    }
  }
}
